
Microsoft Visual Studio Solution File, Format Version 12.00
# Visual Studio Version 16
VisualStudioVersion = 16.0.31624.102
MinimumVisualStudioVersion = 10.0.40219.1
Project("{FAE04EC0-301F-11D3-BF4B-00C04F79EFBC}") = "PracticaArboles-DiazSolizJhonCarlos", "PracticaArboles-DiazSolizJhonCarlos\PracticaArboles-DiazSolizJhonCarlos.csproj", "{699EC57F-0ECE-4602-AB11-58DF7BA55FA3}"
EndProject
Global
	GlobalSection(SolutionConfigurationPlatforms) = preSolution
		Debug|Any CPU = Debug|Any CPU
		Release|Any CPU = Release|Any CPU
	EndGlobalSection
	GlobalSection(ProjectConfigurationPlatforms) = postSolution
		{699EC57F-0ECE-4602-AB11-58DF7BA55FA3}.Debug|Any CPU.ActiveCfg = Debug|Any CPU
		{699EC57F-0ECE-4602-AB11-58DF7BA55FA3}.Debug|Any CPU.Build.0 = Debug|Any CPU
		{699EC57F-0ECE-4602-AB11-58DF7BA55FA3}.Release|Any CPU.ActiveCfg = Release|Any CPU
		{699EC57F-0ECE-4602-AB11-58DF7BA55FA3}.Release|Any CPU.Build.0 = Release|Any CPU
	EndGlobalSection
	GlobalSection(SolutionProperties) = preSolution
		HideSolutionNode = FALSE
	EndGlobalSection
	GlobalSection(ExtensibilityGlobals) = postSolution
		SolutionGuid = {B6BE9795-61BD-4EA7-9D17-7A9EFF627BC4}
	EndGlobalSection
EndGlobal
